
Microsoft Visual Studio Solution File, Format Version 12.00
# Visual Studio Version 16
VisualStudioVersion = 16.0.30804.86
MinimumVisualStudioVersion = 10.0.40219.1
Project("{FAE04EC0-301F-11D3-BF4B-00C04F79EFBC}") = "Girls.Gama2", "Girls.Gama2\Girls.Gama2.csproj", "{87EBCB6D-486C-4907-897F-2F69A4C72F96}"
EndProject
Global
	GlobalSection(SolutionConfigurationPlatforms) = preSolution
		Debug|Any CPU = Debug|Any CPU
		Release|Any CPU = Release|Any CPU
	EndGlobalSection
	GlobalSection(ProjectConfigurationPlatforms) = postSolution
		{87EBCB6D-486C-4907-897F-2F69A4C72F96}.Debug|Any CPU.ActiveCfg = Debug|Any CPU
		{87EBCB6D-486C-4907-897F-2F69A4C72F96}.Debug|Any CPU.Build.0 = Debug|Any CPU
		{87EBCB6D-486C-4907-897F-2F69A4C72F96}.Release|Any CPU.ActiveCfg = Release|Any CPU
		{87EBCB6D-486C-4907-897F-2F69A4C72F96}.Release|Any CPU.Build.0 = Release|Any CPU
	EndGlobalSection
	GlobalSection(SolutionProperties) = preSolution
		HideSolutionNode = FALSE
	EndGlobalSection
	GlobalSection(ExtensibilityGlobals) = postSolution
		SolutionGuid = {87C5A2AC-3A1F-42F4-A25A-41211EDB825F}
	EndGlobalSection
EndGlobal
